# This file is automatically @generated by Cargo.
# It is not intended for manual editing.
[[package]]
name = "building_model"
version = "0.1.0"
dependencies = [
 "geometry3d",
 "simulation_state",
]

[[package]]
name = "calendar"
version = "0.1.0"

[[package]]
name = "communication_protocols"
version = "0.1.0"
dependencies = [
 "building_model",
 "simulation_state",
 "weather",
]

[[package]]
name = "controller"
version = "0.1.0"
dependencies = [
 "building_model",
 "calendar",
 "multiphysics_model",
 "simulation_state",
 "weather",
]

[[package]]
name = "convection"
version = "0.1.0"
dependencies = [
 "building_model",
]

[[package]]
name = "finite_difference_thermal_model"
version = "0.1.0"
dependencies = [
 "building_model",
 "calendar",
 "communication_protocols",
 "convection",
 "gas_properties",
 "geometry3d",
 "matrix",
 "simulation_state",
 "weather",
]

[[package]]
name = "gas_properties"
version = "0.1.0"

[[package]]
name = "geometry3d"
version = "0.1.0"

[[package]]
name = "matrix"
version = "0.1.0"

[[package]]
name = "multiphysics_model"
version = "0.1.0"
dependencies = [
 "building_model",
 "calendar",
 "communication_protocols",
 "finite_difference_thermal_model",
 "simulation_state",
 "weather",
]

[[package]]
name = "people"
version = "0.1.0"
dependencies = [
 "building_model",
 "calendar",
 "communication_protocols",
 "controller",
 "multiphysics_model",
 "polynomial",
 "schedule",
 "simulation_state",
 "weather",
]

[[package]]
name = "polynomial"
version = "0.1.0"

[[package]]
name = "schedule"
version = "0.1.0"
dependencies = [
 "calendar",
]

[[package]]
name = "simple_main"
version = "0.1.0"
dependencies = [
 "building_model",
 "calendar",
 "communication_protocols",
 "controller",
 "geometry3d",
 "multiphysics_model",
 "people",
 "polynomial",
 "schedule",
 "simple_test_buildings",
 "simple_test_people",
 "simulation_state",
 "weather",
]

[[package]]
name = "simple_test_buildings"
version = "0.1.0"
dependencies = [
 "building_model",
 "geometry3d",
 "simulation_state",
]

[[package]]
name = "simple_test_people"
version = "0.1.0"
dependencies = [
 "people",
 "polynomial",
 "schedule",
 "simulation_state",
]

[[package]]
name = "simulation_state"
version = "0.1.0"

[[package]]
name = "weather"
version = "0.1.0"
dependencies = [
 "calendar",
 "schedule",
]
