# This file is automatically @generated by Cargo.
# It is not intended for manual editing.
[[package]]
name = "building_model"
version = "0.1.0"
dependencies = [
 "derive-getters",
 "geometry3d",
]

[[package]]
name = "calendar"
version = "0.1.0"

[[package]]
name = "communication_traits"
version = "0.1.0"
dependencies = [
 "building_model",
 "weather",
]

[[package]]
name = "convection"
version = "0.1.0"
dependencies = [
 "building_model",
]

[[package]]
name = "derive-getters"
version = "0.2.0"
source = "registry+https://github.com/rust-lang/crates.io-index"
checksum = "0c5905670fd9c320154f3a4a01c9e609733cd7b753f3c58777ab7d5ce26686b3"
dependencies = [
 "proc-macro2",
 "quote",
 "syn",
]

[[package]]
name = "finite_difference_thermal_model"
version = "0.1.0"
dependencies = [
 "building_model",
 "calendar",
 "communication_traits",
 "convection",
 "gas_properties",
 "geometry3d",
 "matrix",
 "weather",
]

[[package]]
name = "gas_properties"
version = "0.1.0"

[[package]]
name = "geometry3d"
version = "0.1.0"

[[package]]
name = "matrix"
version = "0.1.0"

[[package]]
name = "multiphysics_model"
version = "0.1.0"
dependencies = [
 "building_model",
 "calendar",
 "communication_traits",
 "finite_difference_thermal_model",
 "weather",
]

[[package]]
name = "people"
version = "0.1.0"
dependencies = [
 "building_model",
 "calendar",
 "multiphysics_model",
 "schedule",
]

[[package]]
name = "proc-macro2"
version = "1.0.24"
source = "registry+https://github.com/rust-lang/crates.io-index"
checksum = "1e0704ee1a7e00d7bb417d0770ea303c1bccbabf0ef1667dae92b5967f5f8a71"
dependencies = [
 "unicode-xid",
]

[[package]]
name = "quote"
version = "1.0.7"
source = "registry+https://github.com/rust-lang/crates.io-index"
checksum = "aa563d17ecb180e500da1cfd2b028310ac758de548efdd203e18f283af693f37"
dependencies = [
 "proc-macro2",
]

[[package]]
name = "schedule"
version = "0.1.0"
dependencies = [
 "calendar",
]

[[package]]
name = "simple_main"
version = "0.1.0"
dependencies = [
 "building_model",
 "calendar",
 "communication_traits",
 "geometry3d",
 "multiphysics_model",
 "people",
 "schedule",
 "weather",
]

[[package]]
name = "syn"
version = "1.0.53"
source = "registry+https://github.com/rust-lang/crates.io-index"
checksum = "8833e20724c24de12bbaba5ad230ea61c3eafb05b881c7c9d3cfe8638b187e68"
dependencies = [
 "proc-macro2",
 "quote",
 "unicode-xid",
]

[[package]]
name = "unicode-xid"
version = "0.2.1"
source = "registry+https://github.com/rust-lang/crates.io-index"
checksum = "f7fe0bb3479651439c9112f72b6c505038574c9fbb575ed1bf3b797fa39dd564"

[[package]]
name = "weather"
version = "0.1.0"
dependencies = [
 "calendar",
 "schedule",
]
